
Microsoft Visual Studio Solution File, Format Version 12.00
# Visual Studio Version 17
VisualStudioVersion = 17.0.31903.59
MinimumVisualStudioVersion = 10.0.40219.1
Project("{2150E333-8FDC-42A3-9474-1A3956D46DE8}") = "building-blocks", "building-blocks", "{31CBEB51-93DC-9CA1-DA8D-67643319BEE1}"
EndProject
Project("{FAE04EC0-301F-11D3-BF4B-00C04F79EFBC}") = "Demo.Aspire.Contracts", "src\Demo.Aspire.Contracts\Demo.Aspire.Contracts.csproj", "{54ED3A95-A36F-4D52-A47A-7B7B12579A48}"
EndProject
Project("{FAE04EC0-301F-11D3-BF4B-00C04F79EFBC}") = "Demo.Aspire.Platform", "src\Demo.Aspire.Platform\Demo.Aspire.Platform.csproj", "{2472CB76-CBF7-4FB1-90A9-794645619638}"
EndProject
Project("{FAE04EC0-301F-11D3-BF4B-00C04F79EFBC}") = "Demo.Aspire.SharedKernel", "src\Demo.Aspire.SharedKernel\Demo.Aspire.SharedKernel.csproj", "{A7467E0C-93F1-4987-BE50-4D1E63FF333A}"
EndProject
Project("{FAE04EC0-301F-11D3-BF4B-00C04F79EFBC}") = "Demo.Aspire.ServiceDefaults", "src\Demo.Aspire.ServiceDefaults\Demo.Aspire.ServiceDefaults.csproj", "{31CB3D00-50F8-4260-87ED-D0C418F7DA50}"
EndProject
Project("{2150E333-8FDC-42A3-9474-1A3956D46DE8}") = "services", "services", "{5854FF58-B8C5-05C6-5BF2-ACE42193F22B}"
EndProject
Project("{FAE04EC0-301F-11D3-BF4B-00C04F79EFBC}") = "Demo.Aspire.Screenings", "src\Demo.Aspire.Screenings\Demo.Aspire.Screenings.csproj", "{ACD06646-336A-47A7-8B79-B43881DF4541}"
EndProject
Project("{FAE04EC0-301F-11D3-BF4B-00C04F79EFBC}") = "Demo.Aspire.Bookings", "src\Demo.Aspire.Bookings\Demo.Aspire.Bookings.csproj", "{0EA980F3-7A2D-414D-BF2D-6C9E2A1AFC1D}"
EndProject
Project("{FAE04EC0-301F-11D3-BF4B-00C04F79EFBC}") = "Demo.Aspire.Payments", "src\Demo.Aspire.Payments\Demo.Aspire.Payments.csproj", "{781422EC-26DC-4A90-8060-9CE35E014867}"
EndProject
Project("{FAE04EC0-301F-11D3-BF4B-00C04F79EFBC}") = "Demo.Aspire.Notifications", "src\Demo.Aspire.Notifications\Demo.Aspire.Notifications.csproj", "{57369442-6AC9-4034-8C6F-1AD6B99E4633}"
EndProject
Project("{FAE04EC0-301F-11D3-BF4B-00C04F79EFBC}") = "Demo.Aspire.Gateway", "src\Demo.Aspire.Gateway\Demo.Aspire.Gateway.csproj", "{B7779B37-1DF5-4825-9C68-4CF34334609F}"
EndProject
Project("{2150E333-8FDC-42A3-9474-1A3956D46DE8}") = "src", "src", "{827E0CD3-B72D-47B6-A68D-7590B98EB39B}"
EndProject
Project("{FAE04EC0-301F-11D3-BF4B-00C04F79EFBC}") = "Demo.Aspire.AppHost", "src\Demo.Aspire.AppHost\Demo.Aspire.AppHost.csproj", "{86C2DBB7-C12A-443F-A730-9623B86AAB75}"
EndProject
Project("{2150E333-8FDC-42A3-9474-1A3956D46DE8}") = "tests", "tests", "{0AB3BF05-4346-4AA6-1389-037BE0695223}"
EndProject
Project("{FAE04EC0-301F-11D3-BF4B-00C04F79EFBC}") = "Demo.Aspire.Domain.Tests", "tests\Demo.Aspire.Domain.Tests\Demo.Aspire.Domain.Tests.csproj", "{A2E72210-5B86-438D-BE98-CF7AD12617B9}"
EndProject
Global
	GlobalSection(SolutionConfigurationPlatforms) = preSolution
		Debug|Any CPU = Debug|Any CPU
		Debug|x64 = Debug|x64
		Debug|x86 = Debug|x86
		Release|Any CPU = Release|Any CPU
		Release|x64 = Release|x64
		Release|x86 = Release|x86
	EndGlobalSection
	GlobalSection(ProjectConfigurationPlatforms) = postSolution
		{54ED3A95-A36F-4D52-A47A-7B7B12579A48}.Debug|Any CPU.ActiveCfg = Debug|Any CPU
		{54ED3A95-A36F-4D52-A47A-7B7B12579A48}.Debug|Any CPU.Build.0 = Debug|Any CPU
		{54ED3A95-A36F-4D52-A47A-7B7B12579A48}.Debug|x64.ActiveCfg = Debug|Any CPU
		{54ED3A95-A36F-4D52-A47A-7B7B12579A48}.Debug|x64.Build.0 = Debug|Any CPU
		{54ED3A95-A36F-4D52-A47A-7B7B12579A48}.Debug|x86.ActiveCfg = Debug|Any CPU
		{54ED3A95-A36F-4D52-A47A-7B7B12579A48}.Debug|x86.Build.0 = Debug|Any CPU
		{54ED3A95-A36F-4D52-A47A-7B7B12579A48}.Release|Any CPU.ActiveCfg = Release|Any CPU
		{54ED3A95-A36F-4D52-A47A-7B7B12579A48}.Release|Any CPU.Build.0 = Release|Any CPU
		{54ED3A95-A36F-4D52-A47A-7B7B12579A48}.Release|x64.ActiveCfg = Release|Any CPU
		{54ED3A95-A36F-4D52-A47A-7B7B12579A48}.Release|x64.Build.0 = Release|Any CPU
		{54ED3A95-A36F-4D52-A47A-7B7B12579A48}.Release|x86.ActiveCfg = Release|Any CPU
		{54ED3A95-A36F-4D52-A47A-7B7B12579A48}.Release|x86.Build.0 = Release|Any CPU
		{2472CB76-CBF7-4FB1-90A9-794645619638}.Debug|Any CPU.ActiveCfg = Debug|Any CPU
		{2472CB76-CBF7-4FB1-90A9-794645619638}.Debug|Any CPU.Build.0 = Debug|Any CPU
		{2472CB76-CBF7-4FB1-90A9-794645619638}.Debug|x64.ActiveCfg = Debug|Any CPU
		{2472CB76-CBF7-4FB1-90A9-794645619638}.Debug|x64.Build.0 = Debug|Any CPU
		{2472CB76-CBF7-4FB1-90A9-794645619638}.Debug|x86.ActiveCfg = Debug|Any CPU
		{2472CB76-CBF7-4FB1-90A9-794645619638}.Debug|x86.Build.0 = Debug|Any CPU
		{2472CB76-CBF7-4FB1-90A9-794645619638}.Release|Any CPU.ActiveCfg = Release|Any CPU
		{2472CB76-CBF7-4FB1-90A9-794645619638}.Release|Any CPU.Build.0 = Release|Any CPU
		{2472CB76-CBF7-4FB1-90A9-794645619638}.Release|x64.ActiveCfg = Release|Any CPU
		{2472CB76-CBF7-4FB1-90A9-794645619638}.Release|x64.Build.0 = Release|Any CPU
		{2472CB76-CBF7-4FB1-90A9-794645619638}.Release|x86.ActiveCfg = Release|Any CPU
		{2472CB76-CBF7-4FB1-90A9-794645619638}.Release|x86.Build.0 = Release|Any CPU
		{A7467E0C-93F1-4987-BE50-4D1E63FF333A}.Debug|Any CPU.ActiveCfg = Debug|Any CPU
		{A7467E0C-93F1-4987-BE50-4D1E63FF333A}.Debug|Any CPU.Build.0 = Debug|Any CPU
		{A7467E0C-93F1-4987-BE50-4D1E63FF333A}.Debug|x64.ActiveCfg = Debug|Any CPU
		{A7467E0C-93F1-4987-BE50-4D1E63FF333A}.Debug|x64.Build.0 = Debug|Any CPU
		{A7467E0C-93F1-4987-BE50-4D1E63FF333A}.Debug|x86.ActiveCfg = Debug|Any CPU
		{A7467E0C-93F1-4987-BE50-4D1E63FF333A}.Debug|x86.Build.0 = Debug|Any CPU
		{A7467E0C-93F1-4987-BE50-4D1E63FF333A}.Release|Any CPU.ActiveCfg = Release|Any CPU
		{A7467E0C-93F1-4987-BE50-4D1E63FF333A}.Release|Any CPU.Build.0 = Release|Any CPU
		{A7467E0C-93F1-4987-BE50-4D1E63FF333A}.Release|x64.ActiveCfg = Release|Any CPU
		{A7467E0C-93F1-4987-BE50-4D1E63FF333A}.Release|x64.Build.0 = Release|Any CPU
		{A7467E0C-93F1-4987-BE50-4D1E63FF333A}.Release|x86.ActiveCfg = Release|Any CPU
		{A7467E0C-93F1-4987-BE50-4D1E63FF333A}.Release|x86.Build.0 = Release|Any CPU
		{31CB3D00-50F8-4260-87ED-D0C418F7DA50}.Debug|Any CPU.ActiveCfg = Debug|Any CPU
		{31CB3D00-50F8-4260-87ED-D0C418F7DA50}.Debug|Any CPU.Build.0 = Debug|Any CPU
		{31CB3D00-50F8-4260-87ED-D0C418F7DA50}.Debug|x64.ActiveCfg = Debug|Any CPU
		{31CB3D00-50F8-4260-87ED-D0C418F7DA50}.Debug|x64.Build.0 = Debug|Any CPU
		{31CB3D00-50F8-4260-87ED-D0C418F7DA50}.Debug|x86.ActiveCfg = Debug|Any CPU
		{31CB3D00-50F8-4260-87ED-D0C418F7DA50}.Debug|x86.Build.0 = Debug|Any CPU
		{31CB3D00-50F8-4260-87ED-D0C418F7DA50}.Release|Any CPU.ActiveCfg = Release|Any CPU
		{31CB3D00-50F8-4260-87ED-D0C418F7DA50}.Release|Any CPU.Build.0 = Release|Any CPU
		{31CB3D00-50F8-4260-87ED-D0C418F7DA50}.Release|x64.ActiveCfg = Release|Any CPU
		{31CB3D00-50F8-4260-87ED-D0C418F7DA50}.Release|x64.Build.0 = Release|Any CPU
		{31CB3D00-50F8-4260-87ED-D0C418F7DA50}.Release|x86.ActiveCfg = Release|Any CPU
		{31CB3D00-50F8-4260-87ED-D0C418F7DA50}.Release|x86.Build.0 = Release|Any CPU
		{ACD06646-336A-47A7-8B79-B43881DF4541}.Debug|Any CPU.ActiveCfg = Debug|Any CPU
		{ACD06646-336A-47A7-8B79-B43881DF4541}.Debug|Any CPU.Build.0 = Debug|Any CPU
		{ACD06646-336A-47A7-8B79-B43881DF4541}.Debug|x64.ActiveCfg = Debug|Any CPU
		{ACD06646-336A-47A7-8B79-B43881DF4541}.Debug|x64.Build.0 = Debug|Any CPU
		{ACD06646-336A-47A7-8B79-B43881DF4541}.Debug|x86.ActiveCfg = Debug|Any CPU
		{ACD06646-336A-47A7-8B79-B43881DF4541}.Debug|x86.Build.0 = Debug|Any CPU
		{ACD06646-336A-47A7-8B79-B43881DF4541}.Release|Any CPU.ActiveCfg = Release|Any CPU
		{ACD06646-336A-47A7-8B79-B43881DF4541}.Release|Any CPU.Build.0 = Release|Any CPU
		{ACD06646-336A-47A7-8B79-B43881DF4541}.Release|x64.ActiveCfg = Release|Any CPU
		{ACD06646-336A-47A7-8B79-B43881DF4541}.Release|x64.Build.0 = Release|Any CPU
		{ACD06646-336A-47A7-8B79-B43881DF4541}.Release|x86.ActiveCfg = Release|Any CPU
		{ACD06646-336A-47A7-8B79-B43881DF4541}.Release|x86.Build.0 = Release|Any CPU
		{0EA980F3-7A2D-414D-BF2D-6C9E2A1AFC1D}.Debug|Any CPU.ActiveCfg = Debug|Any CPU
		{0EA980F3-7A2D-414D-BF2D-6C9E2A1AFC1D}.Debug|Any CPU.Build.0 = Debug|Any CPU
		{0EA980F3-7A2D-414D-BF2D-6C9E2A1AFC1D}.Debug|x64.ActiveCfg = Debug|Any CPU
		{0EA980F3-7A2D-414D-BF2D-6C9E2A1AFC1D}.Debug|x64.Build.0 = Debug|Any CPU
		{0EA980F3-7A2D-414D-BF2D-6C9E2A1AFC1D}.Debug|x86.ActiveCfg = Debug|Any CPU
		{0EA980F3-7A2D-414D-BF2D-6C9E2A1AFC1D}.Debug|x86.Build.0 = Debug|Any CPU
		{0EA980F3-7A2D-414D-BF2D-6C9E2A1AFC1D}.Release|Any CPU.ActiveCfg = Release|Any CPU
		{0EA980F3-7A2D-414D-BF2D-6C9E2A1AFC1D}.Release|Any CPU.Build.0 = Release|Any CPU
		{0EA980F3-7A2D-414D-BF2D-6C9E2A1AFC1D}.Release|x64.ActiveCfg = Release|Any CPU
		{0EA980F3-7A2D-414D-BF2D-6C9E2A1AFC1D}.Release|x64.Build.0 = Release|Any CPU
		{0EA980F3-7A2D-414D-BF2D-6C9E2A1AFC1D}.Release|x86.ActiveCfg = Release|Any CPU
		{0EA980F3-7A2D-414D-BF2D-6C9E2A1AFC1D}.Release|x86.Build.0 = Release|Any CPU
		{781422EC-26DC-4A90-8060-9CE35E014867}.Debug|Any CPU.ActiveCfg = Debug|Any CPU
		{781422EC-26DC-4A90-8060-9CE35E014867}.Debug|Any CPU.Build.0 = Debug|Any CPU
		{781422EC-26DC-4A90-8060-9CE35E014867}.Debug|x64.ActiveCfg = Debug|Any CPU
		{781422EC-26DC-4A90-8060-9CE35E014867}.Debug|x64.Build.0 = Debug|Any CPU
		{781422EC-26DC-4A90-8060-9CE35E014867}.Debug|x86.ActiveCfg = Debug|Any CPU
		{781422EC-26DC-4A90-8060-9CE35E014867}.Debug|x86.Build.0 = Debug|Any CPU
		{781422EC-26DC-4A90-8060-9CE35E014867}.Release|Any CPU.ActiveCfg = Release|Any CPU
		{781422EC-26DC-4A90-8060-9CE35E014867}.Release|Any CPU.Build.0 = Release|Any CPU
		{781422EC-26DC-4A90-8060-9CE35E014867}.Release|x64.ActiveCfg = Release|Any CPU
		{781422EC-26DC-4A90-8060-9CE35E014867}.Release|x64.Build.0 = Release|Any CPU
		{781422EC-26DC-4A90-8060-9CE35E014867}.Release|x86.ActiveCfg = Release|Any CPU
		{781422EC-26DC-4A90-8060-9CE35E014867}.Release|x86.Build.0 = Release|Any CPU
		{57369442-6AC9-4034-8C6F-1AD6B99E4633}.Debug|Any CPU.ActiveCfg = Debug|Any CPU
		{57369442-6AC9-4034-8C6F-1AD6B99E4633}.Debug|Any CPU.Build.0 = Debug|Any CPU
		{57369442-6AC9-4034-8C6F-1AD6B99E4633}.Debug|x64.ActiveCfg = Debug|Any CPU
		{57369442-6AC9-4034-8C6F-1AD6B99E4633}.Debug|x64.Build.0 = Debug|Any CPU
		{57369442-6AC9-4034-8C6F-1AD6B99E4633}.Debug|x86.ActiveCfg = Debug|Any CPU
		{57369442-6AC9-4034-8C6F-1AD6B99E4633}.Debug|x86.Build.0 = Debug|Any CPU
		{57369442-6AC9-4034-8C6F-1AD6B99E4633}.Release|Any CPU.ActiveCfg = Release|Any CPU
		{57369442-6AC9-4034-8C6F-1AD6B99E4633}.Release|Any CPU.Build.0 = Release|Any CPU
		{57369442-6AC9-4034-8C6F-1AD6B99E4633}.Release|x64.ActiveCfg = Release|Any CPU
		{57369442-6AC9-4034-8C6F-1AD6B99E4633}.Release|x64.Build.0 = Release|Any CPU
		{57369442-6AC9-4034-8C6F-1AD6B99E4633}.Release|x86.ActiveCfg = Release|Any CPU
		{57369442-6AC9-4034-8C6F-1AD6B99E4633}.Release|x86.Build.0 = Release|Any CPU
		{B7779B37-1DF5-4825-9C68-4CF34334609F}.Debug|Any CPU.ActiveCfg = Debug|Any CPU
		{B7779B37-1DF5-4825-9C68-4CF34334609F}.Debug|Any CPU.Build.0 = Debug|Any CPU
		{B7779B37-1DF5-4825-9C68-4CF34334609F}.Debug|x64.ActiveCfg = Debug|Any CPU
		{B7779B37-1DF5-4825-9C68-4CF34334609F}.Debug|x64.Build.0 = Debug|Any CPU
		{B7779B37-1DF5-4825-9C68-4CF34334609F}.Debug|x86.ActiveCfg = Debug|Any CPU
		{B7779B37-1DF5-4825-9C68-4CF34334609F}.Debug|x86.Build.0 = Debug|Any CPU
		{B7779B37-1DF5-4825-9C68-4CF34334609F}.Release|Any CPU.ActiveCfg = Release|Any CPU
		{B7779B37-1DF5-4825-9C68-4CF34334609F}.Release|Any CPU.Build.0 = Release|Any CPU
		{B7779B37-1DF5-4825-9C68-4CF34334609F}.Release|x64.ActiveCfg = Release|Any CPU
		{B7779B37-1DF5-4825-9C68-4CF34334609F}.Release|x64.Build.0 = Release|Any CPU
		{B7779B37-1DF5-4825-9C68-4CF34334609F}.Release|x86.ActiveCfg = Release|Any CPU
		{B7779B37-1DF5-4825-9C68-4CF34334609F}.Release|x86.Build.0 = Release|Any CPU
		{86C2DBB7-C12A-443F-A730-9623B86AAB75}.Debug|Any CPU.ActiveCfg = Debug|Any CPU
		{86C2DBB7-C12A-443F-A730-9623B86AAB75}.Debug|Any CPU.Build.0 = Debug|Any CPU
		{86C2DBB7-C12A-443F-A730-9623B86AAB75}.Debug|x64.ActiveCfg = Debug|Any CPU
		{86C2DBB7-C12A-443F-A730-9623B86AAB75}.Debug|x64.Build.0 = Debug|Any CPU
		{86C2DBB7-C12A-443F-A730-9623B86AAB75}.Debug|x86.ActiveCfg = Debug|Any CPU
		{86C2DBB7-C12A-443F-A730-9623B86AAB75}.Debug|x86.Build.0 = Debug|Any CPU
		{86C2DBB7-C12A-443F-A730-9623B86AAB75}.Release|Any CPU.ActiveCfg = Release|Any CPU
		{86C2DBB7-C12A-443F-A730-9623B86AAB75}.Release|Any CPU.Build.0 = Release|Any CPU
		{86C2DBB7-C12A-443F-A730-9623B86AAB75}.Release|x64.ActiveCfg = Release|Any CPU
		{86C2DBB7-C12A-443F-A730-9623B86AAB75}.Release|x64.Build.0 = Release|Any CPU
		{86C2DBB7-C12A-443F-A730-9623B86AAB75}.Release|x86.ActiveCfg = Release|Any CPU
		{86C2DBB7-C12A-443F-A730-9623B86AAB75}.Release|x86.Build.0 = Release|Any CPU
		{A2E72210-5B86-438D-BE98-CF7AD12617B9}.Debug|Any CPU.ActiveCfg = Debug|Any CPU
		{A2E72210-5B86-438D-BE98-CF7AD12617B9}.Debug|Any CPU.Build.0 = Debug|Any CPU
		{A2E72210-5B86-438D-BE98-CF7AD12617B9}.Debug|x64.ActiveCfg = Debug|Any CPU
		{A2E72210-5B86-438D-BE98-CF7AD12617B9}.Debug|x64.Build.0 = Debug|Any CPU
		{A2E72210-5B86-438D-BE98-CF7AD12617B9}.Debug|x86.ActiveCfg = Debug|Any CPU
		{A2E72210-5B86-438D-BE98-CF7AD12617B9}.Debug|x86.Build.0 = Debug|Any CPU
		{A2E72210-5B86-438D-BE98-CF7AD12617B9}.Release|Any CPU.ActiveCfg = Release|Any CPU
		{A2E72210-5B86-438D-BE98-CF7AD12617B9}.Release|Any CPU.Build.0 = Release|Any CPU
		{A2E72210-5B86-438D-BE98-CF7AD12617B9}.Release|x64.ActiveCfg = Release|Any CPU
		{A2E72210-5B86-438D-BE98-CF7AD12617B9}.Release|x64.Build.0 = Release|Any CPU
		{A2E72210-5B86-438D-BE98-CF7AD12617B9}.Release|x86.ActiveCfg = Release|Any CPU
		{A2E72210-5B86-438D-BE98-CF7AD12617B9}.Release|x86.Build.0 = Release|Any CPU
	EndGlobalSection
	GlobalSection(SolutionProperties) = preSolution
		HideSolutionNode = FALSE
	EndGlobalSection
	GlobalSection(NestedProjects) = preSolution
		{54ED3A95-A36F-4D52-A47A-7B7B12579A48} = {31CBEB51-93DC-9CA1-DA8D-67643319BEE1}
		{2472CB76-CBF7-4FB1-90A9-794645619638} = {31CBEB51-93DC-9CA1-DA8D-67643319BEE1}
		{A7467E0C-93F1-4987-BE50-4D1E63FF333A} = {31CBEB51-93DC-9CA1-DA8D-67643319BEE1}
		{31CB3D00-50F8-4260-87ED-D0C418F7DA50} = {31CBEB51-93DC-9CA1-DA8D-67643319BEE1}
		{ACD06646-336A-47A7-8B79-B43881DF4541} = {5854FF58-B8C5-05C6-5BF2-ACE42193F22B}
		{0EA980F3-7A2D-414D-BF2D-6C9E2A1AFC1D} = {5854FF58-B8C5-05C6-5BF2-ACE42193F22B}
		{781422EC-26DC-4A90-8060-9CE35E014867} = {5854FF58-B8C5-05C6-5BF2-ACE42193F22B}
		{57369442-6AC9-4034-8C6F-1AD6B99E4633} = {5854FF58-B8C5-05C6-5BF2-ACE42193F22B}
		{B7779B37-1DF5-4825-9C68-4CF34334609F} = {5854FF58-B8C5-05C6-5BF2-ACE42193F22B}
		{86C2DBB7-C12A-443F-A730-9623B86AAB75} = {827E0CD3-B72D-47B6-A68D-7590B98EB39B}
		{A2E72210-5B86-438D-BE98-CF7AD12617B9} = {0AB3BF05-4346-4AA6-1389-037BE0695223}
	EndGlobalSection
EndGlobal
